
Microsoft Visual Studio Solution File, Format Version 12.00
# Visual Studio 15
VisualStudioVersion = 15.0.27428.2005
MinimumVisualStudioVersion = 10.0.40219.1
Project("{FAE04EC0-301F-11D3-BF4B-00C04F79EFBC}") = "WhatDoesTheFoxSay", "WhatDoesTheFoxSay\WhatDoesTheFoxSay.csproj", "{982AF9F2-D63E-4F31-BE87-57C25B6962FD}"
EndProject
Global
	GlobalSection(SolutionConfigurationPlatforms) = preSolution
		Debug|Any CPU = Debug|Any CPU
		Release|Any CPU = Release|Any CPU
	EndGlobalSection
	GlobalSection(ProjectConfigurationPlatforms) = postSolution
		{982AF9F2-D63E-4F31-BE87-57C25B6962FD}.Debug|Any CPU.ActiveCfg = Debug|Any CPU
		{982AF9F2-D63E-4F31-BE87-57C25B6962FD}.Debug|Any CPU.Build.0 = Debug|Any CPU
		{982AF9F2-D63E-4F31-BE87-57C25B6962FD}.Release|Any CPU.ActiveCfg = Release|Any CPU
		{982AF9F2-D63E-4F31-BE87-57C25B6962FD}.Release|Any CPU.Build.0 = Release|Any CPU
	EndGlobalSection
	GlobalSection(SolutionProperties) = preSolution
		HideSolutionNode = FALSE
	EndGlobalSection
	GlobalSection(ExtensibilityGlobals) = postSolution
		SolutionGuid = {E877090D-D78D-4EB2-8278-3D4F35DAFED4}
	EndGlobalSection
EndGlobal
