
Microsoft Visual Studio Solution File, Format Version 12.00
# Visual Studio 15
VisualStudioVersion = 15.0.27428.2005
MinimumVisualStudioVersion = 10.0.40219.1
Project("{FAE04EC0-301F-11D3-BF4B-00C04F79EFBC}") = "ReversedBinaryNumbers", "ReversedBinaryNumbers\ReversedBinaryNumbers.csproj", "{9C6DE720-E01D-492A-9CCB-F7D0340F3D17}"
EndProject
Global
	GlobalSection(SolutionConfigurationPlatforms) = preSolution
		Debug|Any CPU = Debug|Any CPU
		Release|Any CPU = Release|Any CPU
	EndGlobalSection
	GlobalSection(ProjectConfigurationPlatforms) = postSolution
		{9C6DE720-E01D-492A-9CCB-F7D0340F3D17}.Debug|Any CPU.ActiveCfg = Debug|Any CPU
		{9C6DE720-E01D-492A-9CCB-F7D0340F3D17}.Debug|Any CPU.Build.0 = Debug|Any CPU
		{9C6DE720-E01D-492A-9CCB-F7D0340F3D17}.Release|Any CPU.ActiveCfg = Release|Any CPU
		{9C6DE720-E01D-492A-9CCB-F7D0340F3D17}.Release|Any CPU.Build.0 = Release|Any CPU
	EndGlobalSection
	GlobalSection(SolutionProperties) = preSolution
		HideSolutionNode = FALSE
	EndGlobalSection
	GlobalSection(ExtensibilityGlobals) = postSolution
		SolutionGuid = {D5496ADB-1F17-455C-AAC1-DED84DA817A1}
	EndGlobalSection
EndGlobal
