
Microsoft Visual Studio Solution File, Format Version 12.00
# Visual Studio 15
VisualStudioVersion = 15.0.27004.2008
MinimumVisualStudioVersion = 10.0.40219.1
Project("{FAE04EC0-301F-11D3-BF4B-00C04F79EFBC}") = "HelloWorld", "HelloWorld\HelloWorld.csproj", "{61FC60BB-1661-49E1-9BD2-AE3A5E12F0C3}"
EndProject
Global
	GlobalSection(SolutionConfigurationPlatforms) = preSolution
		Debug|Any CPU = Debug|Any CPU
		Release|Any CPU = Release|Any CPU
	EndGlobalSection
	GlobalSection(ProjectConfigurationPlatforms) = postSolution
		{61FC60BB-1661-49E1-9BD2-AE3A5E12F0C3}.Debug|Any CPU.ActiveCfg = Debug|Any CPU
		{61FC60BB-1661-49E1-9BD2-AE3A5E12F0C3}.Debug|Any CPU.Build.0 = Debug|Any CPU
		{61FC60BB-1661-49E1-9BD2-AE3A5E12F0C3}.Release|Any CPU.ActiveCfg = Release|Any CPU
		{61FC60BB-1661-49E1-9BD2-AE3A5E12F0C3}.Release|Any CPU.Build.0 = Release|Any CPU
	EndGlobalSection
	GlobalSection(SolutionProperties) = preSolution
		HideSolutionNode = FALSE
	EndGlobalSection
	GlobalSection(ExtensibilityGlobals) = postSolution
		SolutionGuid = {BA31C169-1272-4137-899E-3C84B20B89F9}
	EndGlobalSection
EndGlobal
