
Microsoft Visual Studio Solution File, Format Version 12.00
# Visual Studio 15
VisualStudioVersion = 15.0.27004.2008
MinimumVisualStudioVersion = 10.0.40219.1
Project("{FAE04EC0-301F-11D3-BF4B-00C04F79EFBC}") = "SolvingForCarrots", "SolvingForCarrots\SolvingForCarrots.csproj", "{F36AB554-999D-4C98-9076-0D1F170D2149}"
EndProject
Global
	GlobalSection(SolutionConfigurationPlatforms) = preSolution
		Debug|Any CPU = Debug|Any CPU
		Release|Any CPU = Release|Any CPU
	EndGlobalSection
	GlobalSection(ProjectConfigurationPlatforms) = postSolution
		{F36AB554-999D-4C98-9076-0D1F170D2149}.Debug|Any CPU.ActiveCfg = Debug|Any CPU
		{F36AB554-999D-4C98-9076-0D1F170D2149}.Debug|Any CPU.Build.0 = Debug|Any CPU
		{F36AB554-999D-4C98-9076-0D1F170D2149}.Release|Any CPU.ActiveCfg = Release|Any CPU
		{F36AB554-999D-4C98-9076-0D1F170D2149}.Release|Any CPU.Build.0 = Release|Any CPU
	EndGlobalSection
	GlobalSection(SolutionProperties) = preSolution
		HideSolutionNode = FALSE
	EndGlobalSection
	GlobalSection(ExtensibilityGlobals) = postSolution
		SolutionGuid = {51A75B21-D6DB-4239-B118-B5FA4F32F564}
	EndGlobalSection
EndGlobal
