
Microsoft Visual Studio Solution File, Format Version 12.00
# Visual Studio 15
VisualStudioVersion = 15.0.27004.2008
MinimumVisualStudioVersion = 10.0.40219.1
Project("{FAE04EC0-301F-11D3-BF4B-00C04F79EFBC}") = "StarArrangements", "StarArrangements\StarArrangements.csproj", "{454253D9-667E-48C5-898E-F8F66D3B9817}"
EndProject
Global
	GlobalSection(SolutionConfigurationPlatforms) = preSolution
		Debug|Any CPU = Debug|Any CPU
		Release|Any CPU = Release|Any CPU
	EndGlobalSection
	GlobalSection(ProjectConfigurationPlatforms) = postSolution
		{454253D9-667E-48C5-898E-F8F66D3B9817}.Debug|Any CPU.ActiveCfg = Debug|Any CPU
		{454253D9-667E-48C5-898E-F8F66D3B9817}.Debug|Any CPU.Build.0 = Debug|Any CPU
		{454253D9-667E-48C5-898E-F8F66D3B9817}.Release|Any CPU.ActiveCfg = Release|Any CPU
		{454253D9-667E-48C5-898E-F8F66D3B9817}.Release|Any CPU.Build.0 = Release|Any CPU
	EndGlobalSection
	GlobalSection(SolutionProperties) = preSolution
		HideSolutionNode = FALSE
	EndGlobalSection
	GlobalSection(ExtensibilityGlobals) = postSolution
		SolutionGuid = {B65EBA2D-6611-445E-A8E8-DC26B19EE892}
	EndGlobalSection
EndGlobal
