
Microsoft Visual Studio Solution File, Format Version 12.00
# Visual Studio 15
VisualStudioVersion = 15.0.27004.2008
MinimumVisualStudioVersion = 10.0.40219.1
Project("{FAE04EC0-301F-11D3-BF4B-00C04F79EFBC}") = "FizzBuzz", "FizzBuzz\FizzBuzz.csproj", "{21618975-3C7F-4199-BE37-0A9FBBD123B1}"
EndProject
Global
	GlobalSection(SolutionConfigurationPlatforms) = preSolution
		Debug|Any CPU = Debug|Any CPU
		Release|Any CPU = Release|Any CPU
	EndGlobalSection
	GlobalSection(ProjectConfigurationPlatforms) = postSolution
		{21618975-3C7F-4199-BE37-0A9FBBD123B1}.Debug|Any CPU.ActiveCfg = Debug|Any CPU
		{21618975-3C7F-4199-BE37-0A9FBBD123B1}.Debug|Any CPU.Build.0 = Debug|Any CPU
		{21618975-3C7F-4199-BE37-0A9FBBD123B1}.Release|Any CPU.ActiveCfg = Release|Any CPU
		{21618975-3C7F-4199-BE37-0A9FBBD123B1}.Release|Any CPU.Build.0 = Release|Any CPU
	EndGlobalSection
	GlobalSection(SolutionProperties) = preSolution
		HideSolutionNode = FALSE
	EndGlobalSection
	GlobalSection(ExtensibilityGlobals) = postSolution
		SolutionGuid = {076BF539-6C89-4866-B664-E0B7C1B16CF6}
	EndGlobalSection
EndGlobal
