
Microsoft Visual Studio Solution File, Format Version 12.00
# Visual Studio 15
VisualStudioVersion = 15.0.27428.2005
MinimumVisualStudioVersion = 10.0.40219.1
Project("{FAE04EC0-301F-11D3-BF4B-00C04F79EFBC}") = "Zamka", "Zamka\Zamka.csproj", "{FE429FB7-D3F8-4418-989D-F96C586A1D1A}"
EndProject
Global
	GlobalSection(SolutionConfigurationPlatforms) = preSolution
		Debug|Any CPU = Debug|Any CPU
		Release|Any CPU = Release|Any CPU
	EndGlobalSection
	GlobalSection(ProjectConfigurationPlatforms) = postSolution
		{FE429FB7-D3F8-4418-989D-F96C586A1D1A}.Debug|Any CPU.ActiveCfg = Debug|Any CPU
		{FE429FB7-D3F8-4418-989D-F96C586A1D1A}.Debug|Any CPU.Build.0 = Debug|Any CPU
		{FE429FB7-D3F8-4418-989D-F96C586A1D1A}.Release|Any CPU.ActiveCfg = Release|Any CPU
		{FE429FB7-D3F8-4418-989D-F96C586A1D1A}.Release|Any CPU.Build.0 = Release|Any CPU
	EndGlobalSection
	GlobalSection(SolutionProperties) = preSolution
		HideSolutionNode = FALSE
	EndGlobalSection
	GlobalSection(ExtensibilityGlobals) = postSolution
		SolutionGuid = {43B329E5-AD52-4971-AFF7-A9E697662AD5}
	EndGlobalSection
EndGlobal
